{
  "name": "scordbot",
  "version": "1.0.0",
  "lockfileVersion": 1,
  "requires": true,
  "dependencies": {
    "@discordjs/uws": {
      "version": "10.149.0",
      "resolved": "https://registry.npmjs.org/@discordjs/uws/-/uws-10.149.0.tgz",
      "integrity": "sha512-N1wjoAD2DOgzevqzyTOWTgyO2divX03JWNQx4JHm/jQ/BRzZNkhwVRO3RC5Guww+srdgs4Tw4gwrzlJrlOhq/Q=="
    },
    "async": {
      "version": "2.6.3",
      "resolved": "https://registry.npmjs.org/async/-/async-2.6.3.tgz",
      "integrity": "sha512-zflvls11DCy+dQWzTW2dzuilv8Z5X/pjfmZOWba6TNIVDm+2UDaJmXSOXlasHKfNBs8oo3M0aT50fDEWfKZjXg==",
      "requires": {
        "lodash": "^4.17.14"
      }
    },
    "async-limiter": {
      "version": "1.0.1",
      "resolved": "https://registry.npmjs.org/async-limiter/-/async-limiter-1.0.1.tgz",
      "integrity": "sha512-csOlWGAcRFJaI6m+F2WKdnMKr4HhdhFVBk0H/QbJFMCr+uO2kwohwXQPxw/9OCxp05r5ghVBFSyioixx3gfkNQ=="
    },
    "basic-auth": {
      "version": "1.1.0",
      "resolved": "https://registry.npmjs.org/basic-auth/-/basic-auth-1.1.0.tgz",
      "integrity": "sha1-RSIe5Cn37h5QNb4/UVM/HN/SmIQ="
    },
    "bufferutil": {
      "version": "4.0.2",
      "resolved": "https://registry.npmjs.org/bufferutil/-/bufferutil-4.0.2.tgz",
      "integrity": "sha512-AtnG3W6M8B2n4xDQ5R+70EXvOpnXsFYg/AK2yTZd+HQ/oxAdz+GI+DvjmhBw3L0ole+LJ0ngqY4JMbDzkfNzhA==",
      "requires": {
        "node-gyp-build": "^4.2.0"
      }
    },
    "charset": {
      "version": "1.0.1",
      "resolved": "https://registry.npmjs.org/charset/-/charset-1.0.1.tgz",
      "integrity": "sha512-6dVyOOYjpfFcL1Y4qChrAoQLRHvj2ziyhcm0QJlhOcAhykL/k1kTUPbeo+87MNRTRdk2OIIsIXbuF3x2wi5EXg=="
    },
    "colors": {
      "version": "1.4.0",
      "resolved": "https://registry.npmjs.org/colors/-/colors-1.4.0.tgz",
      "integrity": "sha512-a+UqTh4kgZg/SlGvfbzDHpgRu7AAQOmmqRHJnxhRZICKFUT91brVhNNt58CMWU9PsBbv3PDCZUHbVxuDiH2mtA=="
    },
    "corser": {
      "version": "2.0.1",
      "resolved": "https://registry.npmjs.org/corser/-/corser-2.0.1.tgz",
      "integrity": "sha1-jtolLsqrWEDc2XXOuQ2TcMgZ/4c="
    },
    "cron": {
      "version": "1.8.2",
      "resolved": "https://registry.npmjs.org/cron/-/cron-1.8.2.tgz",
      "integrity": "sha512-Gk2c4y6xKEO8FSAUTklqtfSr7oTq0CiPQeLBG5Fl0qoXpZyMcj1SG59YL+hqq04bu6/IuEA7lMkYDAplQNKkyg==",
      "requires": {
        "moment-timezone": "^0.5.x"
      }
    },
    "debug": {
      "version": "3.2.6",
      "resolved": "https://registry.npmjs.org/debug/-/debug-3.2.6.tgz",
      "integrity": "sha512-mel+jf7nrtEl5Pn1Qx46zARXKDpBbvzezse7p7LqINmdoIk8PYP5SySaxEmYv6TZ0JyEKA1hsCId6DIhgITtWQ==",
      "requires": {
        "ms": "^2.1.1"
      }
    },
    "discord.js": {
      "version": "11.6.4",
      "resolved": "https://registry.npmjs.org/discord.js/-/discord.js-11.6.4.tgz",
      "integrity": "sha512-cK6rH1PuGjSjpmEQbnpuTxq1Yv8B89SotyKUFcr4RhnsiZnfBfDOev7DD7v5vhtEyyj51NuMWFoRJzgy/m08Uw==",
      "requires": {
        "long": "^4.0.0",
        "prism-media": "^0.0.4",
        "snekfetch": "^3.6.4",
        "tweetnacl": "^1.0.0",
        "ws": "^6.0.0"
      }
    },
    "dotenv": {
      "version": "8.2.0",
      "resolved": "https://registry.npmjs.org/dotenv/-/dotenv-8.2.0.tgz",
      "integrity": "sha512-8sJ78ElpbDJBHNeBzUbUVLsqKdccaa/BXF1uPTw3GrvQTBgrQrtObr2mUrE38vzYd8cEv+m/JBfDLioYcfXoaw=="
    },
    "ecstatic": {
      "version": "4.1.4",
      "resolved": "https://registry.npmjs.org/ecstatic/-/ecstatic-4.1.4.tgz",
      "integrity": "sha512-8E4ZLK4uRuB9pwywGpy/B9vcz4gCp6IY7u4cMbeCINr/fjb1v+0wf0Ae2XlfSnG8xZYnE4uaJBjFkYI0bqcIdw==",
      "requires": {
        "charset": "^1.0.1",
        "he": "^1.1.1",
        "mime": "^2.4.1",
        "minimist": "^1.1.0",
        "on-finished": "^2.3.0",
        "url-join": "^4.0.0"
      }
    },
    "ee-first": {
      "version": "1.1.1",
      "resolved": "https://registry.npmjs.org/ee-first/-/ee-first-1.1.1.tgz",
      "integrity": "sha1-WQxhFWsK4vTwJVcyoViyZrxWsh0="
    },
    "eventemitter3": {
      "version": "4.0.4",
      "resolved": "https://registry.npmjs.org/eventemitter3/-/eventemitter3-4.0.4.tgz",
      "integrity": "sha512-rlaVLnVxtxvoyLsQQFBx53YmXHDxRIzzTLbdfxqi4yocpSjAxXwkU0cScM5JgSKMqEhrZpnvQ2D9gjylR0AimQ=="
    },
    "follow-redirects": {
      "version": "1.12.1",
      "resolved": "https://registry.npmjs.org/follow-redirects/-/follow-redirects-1.12.1.tgz",
      "integrity": "sha512-tmRv0AVuR7ZyouUHLeNSiO6pqulF7dYa3s19c6t+wz9LD69/uSzdMxJ2S91nTI9U3rt/IldxpzMOFejp6f0hjg=="
    },
    "he": {
      "version": "1.2.0",
      "resolved": "https://registry.npmjs.org/he/-/he-1.2.0.tgz",
      "integrity": "sha512-F/1DnUGPopORZi0ni+CvrCgHQ5FyEAHRLSApuYWMmrbSwoN2Mn/7k+Gl38gJnR7yyDZk6WLXwiGod1JOWNDKGw=="
    },
    "http-proxy": {
      "version": "1.18.1",
      "resolved": "https://registry.npmjs.org/http-proxy/-/http-proxy-1.18.1.tgz",
      "integrity": "sha512-7mz/721AbnJwIVbnaSv1Cz3Am0ZLT/UBwkC92VlxhXv/k/BBQfM2fXElQNC27BVGr0uwUpplYPQM9LnaBMR5NQ==",
      "requires": {
        "eventemitter3": "^4.0.0",
        "follow-redirects": "^1.0.0",
        "requires-port": "^1.0.0"
      }
    },
    "http-server": {
      "version": "0.12.3",
      "resolved": "https://registry.npmjs.org/http-server/-/http-server-0.12.3.tgz",
      "integrity": "sha512-be0dKG6pni92bRjq0kvExtj/NrrAd28/8fCXkaI/4piTwQMSDSLMhWyW0NI1V+DBI3aa1HMlQu46/HjVLfmugA==",
      "requires": {
        "basic-auth": "^1.0.3",
        "colors": "^1.4.0",
        "corser": "^2.0.1",
        "ecstatic": "^3.3.2",
        "http-proxy": "^1.18.0",
        "minimist": "^1.2.5",
        "opener": "^1.5.1",
        "portfinder": "^1.0.25",
        "secure-compare": "3.0.1",
        "union": "~0.5.0"
      },
      "dependencies": {
        "ecstatic": {
          "version": "3.3.2",
          "resolved": "https://registry.npmjs.org/ecstatic/-/ecstatic-3.3.2.tgz",
          "integrity": "sha512-fLf9l1hnwrHI2xn9mEDT7KIi22UDqA2jaCwyCbSUJh9a1V+LEUSL/JO/6TIz/QyuBURWUHrFL5Kg2TtO1bkkog==",
          "requires": {
            "he": "^1.1.1",
            "mime": "^1.6.0",
            "minimist": "^1.1.0",
            "url-join": "^2.0.5"
          }
        },
        "mime": {
          "version": "1.6.0",
          "resolved": "https://registry.npmjs.org/mime/-/mime-1.6.0.tgz",
          "integrity": "sha512-x0Vn8spI+wuJ1O6S7gnbaQg8Pxh4NNHb7KSINmEWKiPE4RKOplvijn+NkmYmmRgP68mc70j2EbeTFRsrswaQeg=="
        },
        "url-join": {
          "version": "2.0.5",
          "resolved": "https://registry.npmjs.org/url-join/-/url-join-2.0.5.tgz",
          "integrity": "sha1-WvIvGMBSoACkjXuCxenC4v7tpyg="
        }
      }
    },
    "libsodium": {
      "version": "0.7.8",
      "resolved": "https://registry.npmjs.org/libsodium/-/libsodium-0.7.8.tgz",
      "integrity": "sha512-/Qc+APf0jbeWSaeEruH0L1/tbbT+sbf884ZL0/zV/0JXaDPBzYkKbyb/wmxMHgAHzm3t6gqe7bOOXAVwfqVikQ=="
    },
    "libsodium-wrappers": {
      "version": "0.7.8",
      "resolved": "https://registry.npmjs.org/libsodium-wrappers/-/libsodium-wrappers-0.7.8.tgz",
      "integrity": "sha512-PDhPWXBqd/SaqAFUBgH2Ux7b3VEEJgyD6BQB+VdNFJb9PbExGr/T/myc/MBoSvl8qLzfm0W0IVByOQS5L1MrCg==",
      "requires": {
        "libsodium": "0.7.8"
      }
    },
    "lodash": {
      "version": "4.17.21",
      "resolved": "https://registry.npmjs.org/lodash/-/lodash-4.17.21.tgz",
      "integrity": "sha512-v2kDEe57lecTulaDIuNTPy3Ry4gLGJ6Z1O3vE1krgXZNrsQ+LFTGHVxVjcXPs17LhbZVGedAJv8XZ1tvj5FvSg=="
    },
    "long": {
      "version": "4.0.0",
      "resolved": "https://registry.npmjs.org/long/-/long-4.0.0.tgz",
      "integrity": "sha512-XsP+KhQif4bjX1kbuSiySJFNAehNxgLb6hPRGJ9QsUr8ajHkuXGdrHmFUTUUXhDwVX2R5bY4JNZEwbUiMhV+MA=="
    },
    "mime": {
      "version": "2.4.7",
      "resolved": "https://registry.npmjs.org/mime/-/mime-2.4.7.tgz",
      "integrity": "sha512-dhNd1uA2u397uQk3Nv5LM4lm93WYDUXFn3Fu291FJerns4jyTudqhIWe4W04YLy7Uk1tm1Ore04NpjRvQp/NPA=="
    },
    "minimist": {
      "version": "1.2.5",
      "resolved": "https://registry.npmjs.org/minimist/-/minimist-1.2.5.tgz",
      "integrity": "sha512-FM9nNUYrRBAELZQT3xeZQ7fmMOBg6nWNmJKTcgsJeaLstP/UODVpGsr5OhXhhXg6f+qtJ8uiZ+PUxkDWcgIXLw=="
    },
    "mkdirp": {
      "version": "0.5.5",
      "resolved": "https://registry.npmjs.org/mkdirp/-/mkdirp-0.5.5.tgz",
      "integrity": "sha512-NKmAlESf6jMGym1++R0Ra7wvhV+wFW63FaSOFPwRahvea0gMUcGUhVeAg/0BC0wiv9ih5NYPB1Wn1UEI1/L+xQ==",
      "requires": {
        "minimist": "^1.2.5"
      }
    },
    "moment": {
      "version": "2.29.1",
      "resolved": "https://registry.npmjs.org/moment/-/moment-2.29.1.tgz",
      "integrity": "sha512-kHmoybcPV8Sqy59DwNDY3Jefr64lK/by/da0ViFcuA4DH0vQg5Q6Ze5VimxkfQNSC+Mls/Kx53s7TjP1RhFEDQ=="
    },
    "moment-timezone": {
      "version": "0.5.37",
      "resolved": "https://registry.npmjs.org/moment-timezone/-/moment-timezone-0.5.37.tgz",
      "integrity": "sha512-uEDzDNFhfaywRl+vwXxffjjq1q0Vzr+fcQpQ1bU0kbzorfS7zVtZnCnGc8mhWmF39d4g4YriF6kwA75mJKE/Zg==",
      "requires": {
        "moment": ">= 2.9.0"
      }
    },
    "ms": {
      "version": "2.1.2",
      "resolved": "https://registry.npmjs.org/ms/-/ms-2.1.2.tgz",
      "integrity": "sha512-sGkPx+VjMtmA6MX27oA4FBFELFCZZ4S4XqeGOXCv68tT+jb3vk/RyaKWP0PTKyWtmLSM0b+adUTEvbs1PEaH2w=="
    },
    "node-gyp-build": {
      "version": "4.2.3",
      "resolved": "https://registry.npmjs.org/node-gyp-build/-/node-gyp-build-4.2.3.tgz",
      "integrity": "sha512-MN6ZpzmfNCRM+3t57PTJHgHyw/h4OWnZ6mR8P5j/uZtqQr46RRuDE/P+g3n0YR/AiYXeWixZZzaip77gdICfRg=="
    },
    "on-finished": {
      "version": "2.3.0",
      "resolved": "https://registry.npmjs.org/on-finished/-/on-finished-2.3.0.tgz",
      "integrity": "sha1-IPEzZIGwg811M3mSoWlxqi2QaUc=",
      "requires": {
        "ee-first": "1.1.1"
      }
    },
    "opener": {
      "version": "1.5.1",
      "resolved": "https://registry.npmjs.org/opener/-/opener-1.5.1.tgz",
      "integrity": "sha512-goYSy5c2UXE4Ra1xixabeVh1guIX/ZV/YokJksb6q2lubWu6UbvPQ20p542/sFIll1nl8JnCyK9oBaOcCWXwvA=="
    },
    "opusscript": {
      "version": "0.0.6",
      "resolved": "https://registry.npmjs.org/opusscript/-/opusscript-0.0.6.tgz",
      "integrity": "sha512-F7nx1SWZCD5Rq2W+5Fx39HlkRkz/5Zqt0LglEB9uHexk8HjedDEiM+u/Y2rBfDFcS/0uQIWu2lJhw+Gjsta+cA=="
    },
    "portfinder": {
      "version": "1.0.26",
      "resolved": "https://registry.npmjs.org/portfinder/-/portfinder-1.0.26.tgz",
      "integrity": "sha512-Xi7mKxJHHMI3rIUrnm/jjUgwhbYMkp/XKEcZX3aG4BrumLpq3nmoQMX+ClYnDZnZ/New7IatC1no5RX0zo1vXQ==",
      "requires": {
        "async": "^2.6.2",
        "debug": "^3.1.1",
        "mkdirp": "^0.5.1"
      }
    },
    "prism-media": {
      "version": "0.0.4",
      "resolved": "https://registry.npmjs.org/prism-media/-/prism-media-0.0.4.tgz",
      "integrity": "sha512-dG2w7WtovUa4SiYTdWn9H8Bd4JNdei2djtkP/Bk9fXq81j5Q15ZPHYSwhUVvBRbp5zMkGtu0Yk62HuMcly0pRw=="
    },
    "qs": {
      "version": "6.9.4",
      "resolved": "https://registry.npmjs.org/qs/-/qs-6.9.4.tgz",
      "integrity": "sha512-A1kFqHekCTM7cz0udomYUoYNWjBebHm/5wzU/XqrBRBNWectVH0QIiN+NEcZ0Dte5hvzHwbr8+XQmguPhJ6WdQ=="
    },
    "requires-port": {
      "version": "1.0.0",
      "resolved": "https://registry.npmjs.org/requires-port/-/requires-port-1.0.0.tgz",
      "integrity": "sha1-kl0mAdOaxIXgkc8NpcbmlNw9yv8="
    },
    "secure-compare": {
      "version": "3.0.1",
      "resolved": "https://registry.npmjs.org/secure-compare/-/secure-compare-3.0.1.tgz",
      "integrity": "sha1-8aAymzCLIh+uN7mXTz1XjQypmeM="
    },
    "snekfetch": {
      "version": "3.6.4",
      "resolved": "https://registry.npmjs.org/snekfetch/-/snekfetch-3.6.4.tgz",
      "integrity": "sha512-NjxjITIj04Ffqid5lqr7XdgwM7X61c/Dns073Ly170bPQHLm6jkmelye/eglS++1nfTWktpP6Y2bFXjdPlQqdw=="
    },
    "tweetnacl": {
      "version": "1.0.3",
      "resolved": "https://registry.npmjs.org/tweetnacl/-/tweetnacl-1.0.3.tgz",
      "integrity": "sha512-6rt+RN7aOi1nGMyC4Xa5DdYiukl2UWCbcJft7YhxReBGQD7OAM8Pbxw6YMo4r2diNEA8FEmu32YOn9rhaiE5yw=="
    },
    "union": {
      "version": "0.5.0",
      "resolved": "https://registry.npmjs.org/union/-/union-0.5.0.tgz",
      "integrity": "sha512-N6uOhuW6zO95P3Mel2I2zMsbsanvvtgn6jVqJv4vbVcz/JN0OkL9suomjQGmWtxJQXOCqUJvquc1sMeNz/IwlA==",
      "requires": {
        "qs": "^6.4.0"
      }
    },
    "url-join": {
      "version": "4.0.1",
      "resolved": "https://registry.npmjs.org/url-join/-/url-join-4.0.1.tgz",
      "integrity": "sha512-jk1+QP6ZJqyOiuEI9AEWQfju/nB2Pw466kbA0LEZljHwKeMgd9WrAEgEGxjPDD2+TNbbb37rTyhEfrCXfuKXnA=="
    },
    "ws": {
      "version": "6.2.2",
      "resolved": "https://registry.npmjs.org/ws/-/ws-6.2.2.tgz",
      "integrity": "sha512-zmhltoSR8u1cnDsD43TX59mzoMZsLKqUweyYBAIvTngR3shc0W6aOZylZmq/7hqyVxPdi+5Ud2QInblgyE72fw==",
      "requires": {
        "async-limiter": "~1.0.0"
      }
    }
  }
}
